// !$*UTF8*$!
{
	archiveVersion = 1;
	classes = {
	};
	objectVersion = 45;
	objects = {

/* Begin PBXBuildFile section */
		120FEBEB115AB5FF007B1FAF /* UserProfile.m in Sources */ = {isa = PBXBuildFile; fileRef = 120FEBE8115AB5FF007B1FAF /* UserProfile.m */; };
		1224965D115EDB1500717CDA /* clockgamesubmenu copy1.jpg in Resources */ = {isa = PBXBuildFile; fileRef = 1224965A115EDB1500717CDA /* clockgamesubmenu copy1.jpg */; };
		1224965E115EDB1500717CDA /* eq_game_submenu copy1.jpg in Resources */ = {isa = PBXBuildFile; fileRef = 1224965B115EDB1500717CDA /* eq_game_submenu copy1.jpg */; };
		1224965F115EDB1500717CDA /* patterngamesubmenu copy1.jpg in Resources */ = {isa = PBXBuildFile; fileRef = 1224965C115EDB1500717CDA /* patterngamesubmenu copy1.jpg */; };
		1224966E115EDE4100717CDA /* Clock_Game_Analog.m in Sources */ = {isa = PBXBuildFile; fileRef = 1224966C115EDE4100717CDA /* Clock_Game_Analog.m */; };
		1224966F115EDE4100717CDA /* Clock_Game_Analog.xib in Resources */ = {isa = PBXBuildFile; fileRef = 1224966D115EDE4100717CDA /* Clock_Game_Analog.xib */; };
		122CF49A1149BA8F00804E20 /* MathCraft_Progress.m in Sources */ = {isa = PBXBuildFile; fileRef = 122CF4981149BA8F00804E20 /* MathCraft_Progress.m */; };
		122CF49B1149BA8F00804E20 /* MathCraft_Progress.xib in Resources */ = {isa = PBXBuildFile; fileRef = 122CF4991149BA8F00804E20 /* MathCraft_Progress.xib */; };
		122CF4D11149BF6300804E20 /* 6 Option copy.jpg in Resources */ = {isa = PBXBuildFile; fileRef = 122CF4D01149BF6300804E20 /* 6 Option copy.jpg */; };
		122CF4E11149D2B200804E20 /* 1 login copy.jpg in Resources */ = {isa = PBXBuildFile; fileRef = 122CF4E01149D2B200804E20 /* 1 login copy.jpg */; };
		1240B64B114B040700808C92 /* Default.png in Resources */ = {isa = PBXBuildFile; fileRef = 1240B64A114B040700808C92 /* Default.png */; };
		1240B74C114B1EE800808C92 /* MathCraft_User.m in Sources */ = {isa = PBXBuildFile; fileRef = 1240B74B114B1EE800808C92 /* MathCraft_User.m */; };
		124C8D87115E0F36009A5EA9 /* blue.jpg in Resources */ = {isa = PBXBuildFile; fileRef = 124C8D84115E0F36009A5EA9 /* blue.jpg */; };
		124C8D88115E0F36009A5EA9 /* green.jpg in Resources */ = {isa = PBXBuildFile; fileRef = 124C8D85115E0F36009A5EA9 /* green.jpg */; };
		124C8D89115E0F36009A5EA9 /* red.jpg in Resources */ = {isa = PBXBuildFile; fileRef = 124C8D86115E0F36009A5EA9 /* red.jpg */; };
		124E42C7114DDB600058C646 /* Eq Game copy.jpg in Resources */ = {isa = PBXBuildFile; fileRef = 124E42C5114DDB600058C646 /* Eq Game copy.jpg */; };
		124E42C8114DDB600058C646 /* log in copy1.jpg in Resources */ = {isa = PBXBuildFile; fileRef = 124E42C6114DDB600058C646 /* log in copy1.jpg */; };
		125D2DC21148530500EE222A /* MathCraft_Option.m in Sources */ = {isa = PBXBuildFile; fileRef = 125D2DC01148530500EE222A /* MathCraft_Option.m */; };
		125D2DC31148530500EE222A /* MathCraft_Option.xib in Resources */ = {isa = PBXBuildFile; fileRef = 125D2DC11148530500EE222A /* MathCraft_Option.xib */; };
		125D2DD911485C2200EE222A /* MathCraft_LeaderBoard.m in Sources */ = {isa = PBXBuildFile; fileRef = 125D2DD711485C2200EE222A /* MathCraft_LeaderBoard.m */; };
		125D2DDA11485C2200EE222A /* MathCraft_LeaderBoard.xib in Resources */ = {isa = PBXBuildFile; fileRef = 125D2DD811485C2200EE222A /* MathCraft_LeaderBoard.xib */; };
		125D2E4E1148617C00EE222A /* 2 Menu copy-1.jpg in Resources */ = {isa = PBXBuildFile; fileRef = 125D2E4D1148617C00EE222A /* 2 Menu copy-1.jpg */; };
		125D2E62114864E600EE222A /* 3 Game Selection copy.jpg in Resources */ = {isa = PBXBuildFile; fileRef = 125D2E5E114864E600EE222A /* 3 Game Selection copy.jpg */; };
		125D2E63114864E600EE222A /* 5 View Progress copy.jpg in Resources */ = {isa = PBXBuildFile; fileRef = 125D2E5F114864E600EE222A /* 5 View Progress copy.jpg */; };
		125D2E73114867D000EE222A /* MathCraft_GameMenu.m in Sources */ = {isa = PBXBuildFile; fileRef = 125D2E71114867D000EE222A /* MathCraft_GameMenu.m */; };
		125D2E74114867D000EE222A /* MathCraft_GameMenu.xib in Resources */ = {isa = PBXBuildFile; fileRef = 125D2E72114867D000EE222A /* MathCraft_GameMenu.xib */; };
		1265277E114EBE0B009F67CB /* MathCraft_MainMenu.m in Sources */ = {isa = PBXBuildFile; fileRef = 1265277C114EBE0B009F67CB /* MathCraft_MainMenu.m */; };
		1265277F114EBE0B009F67CB /* MathCraft_MainMenu.xib in Resources */ = {isa = PBXBuildFile; fileRef = 1265277D114EBE0B009F67CB /* MathCraft_MainMenu.xib */; };
		1268D0CF116079B30032C15D /* moneyGame copy.jpg in Resources */ = {isa = PBXBuildFile; fileRef = 1268D0CE116079B30032C15D /* moneyGame copy.jpg */; };
		1268D0DA1160873C0032C15D /* pattern game copy.jpg in Resources */ = {isa = PBXBuildFile; fileRef = 1268D0D91160873C0032C15D /* pattern game copy.jpg */; };
		1268D0DC116087510032C15D /* register copy.jpg in Resources */ = {isa = PBXBuildFile; fileRef = 1268D0DB116087510032C15D /* register copy.jpg */; };
		1268D0DE116087660032C15D /* moneygamesubmenu copy.jpg in Resources */ = {isa = PBXBuildFile; fileRef = 1268D0DD116087660032C15D /* moneygamesubmenu copy.jpg */; };
		1268D0E0116087720032C15D /* Mirror game copy.jpg in Resources */ = {isa = PBXBuildFile; fileRef = 1268D0DF116087720032C15D /* Mirror game copy.jpg */; };
		12886152115E209D00A6C540 /* button.png in Resources */ = {isa = PBXBuildFile; fileRef = 12886151115E209D00A6C540 /* button.png */; };
		12937B9211557BE600C730DE /* AVFoundation.framework in Frameworks */ = {isa = PBXBuildFile; fileRef = 12937B9111557BE600C730DE /* AVFoundation.framework */; };
		12937BA01155873600C730DE /* MathCraft_Music.m in Sources */ = {isa = PBXBuildFile; fileRef = 12937B9F1155873600C730DE /* MathCraft_Music.m */; };
		12937E291155DB7200C730DE /* background.mp3 in Resources */ = {isa = PBXBuildFile; fileRef = 12937E231155DB7200C730DE /* background.mp3 */; };
		12937E2A1155DB7200C730DE /* eq.mp3 in Resources */ = {isa = PBXBuildFile; fileRef = 12937E241155DB7200C730DE /* eq.mp3 */; };
		12937E2B1155DB7200C730DE /* money.mp3 in Resources */ = {isa = PBXBuildFile; fileRef = 12937E251155DB7200C730DE /* money.mp3 */; };
		12937E2C1155DB7200C730DE /* pattern.mp3 in Resources */ = {isa = PBXBuildFile; fileRef = 12937E261155DB7200C730DE /* pattern.mp3 */; };
		12937E2E1155DB7200C730DE /* time.mp3 in Resources */ = {isa = PBXBuildFile; fileRef = 12937E281155DB7200C730DE /* time.mp3 */; };
		129AFAB811602C190034B959 /* MoneyGamesMenu.m in Sources */ = {isa = PBXBuildFile; fileRef = 129AFAB611602C190034B959 /* MoneyGamesMenu.m */; };
		129AFAB911602C190034B959 /* MoneyGamesMenu.xib in Resources */ = {isa = PBXBuildFile; fileRef = 129AFAB711602C190034B959 /* MoneyGamesMenu.xib */; };
		129AFAD211602CF20034B959 /* 25cents.png in Resources */ = {isa = PBXBuildFile; fileRef = 129AFACF11602CF20034B959 /* 25cents.png */; };
		129AFAD311602CF20034B959 /* one_coin.png in Resources */ = {isa = PBXBuildFile; fileRef = 129AFAD011602CF20034B959 /* one_coin.png */; };
		129AFAD411602CF20034B959 /* two_coin.png in Resources */ = {isa = PBXBuildFile; fileRef = 129AFAD111602CF20034B959 /* two_coin.png */; };
		129AFADA11602F160034B959 /* MoneyGameViewController.xib in Resources */ = {isa = PBXBuildFile; fileRef = 129AFAD911602F160034B959 /* MoneyGameViewController.xib */; };
		129AFB1A116038030034B959 /* MoneyGameViewController.m in Sources */ = {isa = PBXBuildFile; fileRef = 129AFB19116038030034B959 /* MoneyGameViewController.m */; };
		12A83DB9115E8E890007DA66 /* ClockGamesMenu.m in Sources */ = {isa = PBXBuildFile; fileRef = 12A83DB7115E8E890007DA66 /* ClockGamesMenu.m */; };
		12A83DBA115E8E890007DA66 /* ClockGamesMenu.xib in Resources */ = {isa = PBXBuildFile; fileRef = 12A83DB8115E8E890007DA66 /* ClockGamesMenu.xib */; };
		12A83DDF115E97640007DA66 /* Mirror_Game.m in Sources */ = {isa = PBXBuildFile; fileRef = 12A83DDD115E97640007DA66 /* Mirror_Game.m */; };
		12A83DE0115E97640007DA66 /* Mirror_Game.xib in Resources */ = {isa = PBXBuildFile; fileRef = 12A83DDE115E97640007DA66 /* Mirror_Game.xib */; };
		12A83EC6115EA24B0007DA66 /* Clock Game copy.jpg in Resources */ = {isa = PBXBuildFile; fileRef = 12A83EC3115EA24B0007DA66 /* Clock Game copy.jpg */; };
		12A83EC7115EA24B0007DA66 /* hr_hand.png in Resources */ = {isa = PBXBuildFile; fileRef = 12A83EC4115EA24B0007DA66 /* hr_hand.png */; };
		12A83EC8115EA24B0007DA66 /* min_hand.png in Resources */ = {isa = PBXBuildFile; fileRef = 12A83EC5115EA24B0007DA66 /* min_hand.png */; };
		12A83EF3115EA5550007DA66 /* Clock_Game.m in Sources */ = {isa = PBXBuildFile; fileRef = 12A83EF1115EA5550007DA66 /* Clock_Game.m */; };
		12A83EF4115EA5550007DA66 /* Clock_Game.xib in Resources */ = {isa = PBXBuildFile; fileRef = 12A83EF2115EA5550007DA66 /* Clock_Game.xib */; };
		12A83F08115EAB390007DA66 /* min_hand1.png in Resources */ = {isa = PBXBuildFile; fileRef = 12A83F06115EAB390007DA66 /* min_hand1.png */; };
		12A83F0A115EABBA0007DA66 /* hr_hand1.png in Resources */ = {isa = PBXBuildFile; fileRef = 12A83F09115EABBA0007DA66 /* hr_hand1.png */; };
		12B4C820115C7B3C00D0EC86 /* ManageProfile.m in Sources */ = {isa = PBXBuildFile; fileRef = 12B4C81F115C7B3C00D0EC86 /* ManageProfile.m */; };
		12B4C828115C7CDC00D0EC86 /* Data.plist in Resources */ = {isa = PBXBuildFile; fileRef = 12B4C827115C7CDC00D0EC86 /* Data.plist */; };
		12ECDBF01140FF950002F94C /* MathCraft_Register.m in Sources */ = {isa = PBXBuildFile; fileRef = 12ECDBEE1140FF950002F94C /* MathCraft_Register.m */; };
		12ECDBF11140FF950002F94C /* MathCraft_Register.xib in Resources */ = {isa = PBXBuildFile; fileRef = 12ECDBEF1140FF950002F94C /* MathCraft_Register.xib */; };
		1D3623260D0F684500981E51 /* MathCraft_LoginAppDelegate.m in Sources */ = {isa = PBXBuildFile; fileRef = 1D3623250D0F684500981E51 /* MathCraft_LoginAppDelegate.m */; };
		1D60589B0D05DD56006BFB54 /* main.m in Sources */ = {isa = PBXBuildFile; fileRef = 29B97316FDCFA39411CA2CEA /* main.m */; };
		1D60589F0D05DD5A006BFB54 /* Foundation.framework in Frameworks */ = {isa = PBXBuildFile; fileRef = 1D30AB110D05D00D00671497 /* Foundation.framework */; };
		1DF5F4E00D08C38300B7A737 /* UIKit.framework in Frameworks */ = {isa = PBXBuildFile; fileRef = 1DF5F4DF0D08C38300B7A737 /* UIKit.framework */; };
		288765A50DF7441C002DB57D /* CoreGraphics.framework in Frameworks */ = {isa = PBXBuildFile; fileRef = 288765A40DF7441C002DB57D /* CoreGraphics.framework */; };
		2899E5220DE3E06400AC0155 /* MathCraft_LoginViewController.xib in Resources */ = {isa = PBXBuildFile; fileRef = 2899E5210DE3E06400AC0155 /* MathCraft_LoginViewController.xib */; };
		28AD733F0D9D9553002E5188 /* MainWindow.xib in Resources */ = {isa = PBXBuildFile; fileRef = 28AD733E0D9D9553002E5188 /* MainWindow.xib */; };
		28D7ACF80DDB3853001CB0EB /* MathCraft_LoginViewController.m in Sources */ = {isa = PBXBuildFile; fileRef = 28D7ACF70DDB3853001CB0EB /* MathCraft_LoginViewController.m */; };
		AF3973D211613E2000360690 /* TestScript.m in Sources */ = {isa = PBXBuildFile; fileRef = AF3973D111613E2000360690 /* TestScript.m */; };
		AF3973D311613E3300360690 /* ManageProfile.m in Sources */ = {isa = PBXBuildFile; fileRef = 12B4C81F115C7B3C00D0EC86 /* ManageProfile.m */; };
		AF3973D411613E3300360690 /* UserProfile.m in Sources */ = {isa = PBXBuildFile; fileRef = 120FEBE8115AB5FF007B1FAF /* UserProfile.m */; };
		C89A3CD0115E03B300F7F6FB /* PatternGame2ViewController.xib in Resources */ = {isa = PBXBuildFile; fileRef = C89A3CCF115E03B300F7F6FB /* PatternGame2ViewController.xib */; };
		C8B38647114DB3A20080B365 /* Equation_GameViewController.m in Sources */ = {isa = PBXBuildFile; fileRef = C8B38646114DB3A20080B365 /* Equation_GameViewController.m */; };
		C8B3865B114DB5890080B365 /* Equation_GameViewController.xib in Resources */ = {isa = PBXBuildFile; fileRef = C8B3865A114DB5890080B365 /* Equation_GameViewController.xib */; };
		C8C9B85B115D8C4200319707 /* PatternGame2ViewController.m in Sources */ = {isa = PBXBuildFile; fileRef = C8C9B85A115D8C4200319707 /* PatternGame2ViewController.m */; };
		C8C9B89E115D8FF300319707 /* PatternGamesMenuViewController.xib in Resources */ = {isa = PBXBuildFile; fileRef = C8C9B89D115D8FF300319707 /* PatternGamesMenuViewController.xib */; };
		C8C9B8A1115D8FFF00319707 /* PatternGamesMenuViewController.m in Sources */ = {isa = PBXBuildFile; fileRef = C8C9B8A0115D8FFF00319707 /* PatternGamesMenuViewController.m */; };
		C8F09BE0115D99BB00A618CF /* EquationGamesMenuViewController.m in Sources */ = {isa = PBXBuildFile; fileRef = C8F09BDF115D99BB00A618CF /* EquationGamesMenuViewController.m */; };
		C8F09BE2115D99C000A618CF /* EquationGamesMenuViewController.xib in Resources */ = {isa = PBXBuildFile; fileRef = C8F09BE1115D99C000A618CF /* EquationGamesMenuViewController.xib */; };
		C8F09BE5115D99CA00A618CF /* MathGame1_3ViewController.m in Sources */ = {isa = PBXBuildFile; fileRef = C8F09BE4115D99CA00A618CF /* MathGame1_3ViewController.m */; };
		C8F09BE9115D99DE00A618CF /* MathGame1_3ViewController.xib in Resources */ = {isa = PBXBuildFile; fileRef = C8F09BE8115D99DE00A618CF /* MathGame1_3ViewController.xib */; };
/* End PBXBuildFile section */

/* Begin PBXContainerItemProxy section */
		AF3973E811613E6900360690 /* PBXContainerItemProxy */ = {
			isa = PBXContainerItemProxy;
			containerPortal = 29B97313FDCFA39411CA2CEA /* Project object */;
			proxyType = 1;
			remoteGlobalIDString = AF3973CA11613DF500360690;
			remoteInfo = "Unit Testing";
		};
/* End PBXContainerItemProxy section */

/* Begin PBXFileReference section */
		120FEBE7115AB5FF007B1FAF /* UserProfile.h */ = {isa = PBXFileReference; fileEncoding = 4; lastKnownFileType = sourcecode.c.h; path = UserProfile.h; sourceTree = "<group>"; };
		120FEBE8115AB5FF007B1FAF /* UserProfile.m */ = {isa = PBXFileReference; fileEncoding = 4; lastKnownFileType = sourcecode.c.objc; path = UserProfile.m; sourceTree = "<group>"; };
		1224965A115EDB1500717CDA /* clockgamesubmenu copy1.jpg */ = {isa = PBXFileReference; lastKnownFileType = image.jpeg; path = "clockgamesubmenu copy1.jpg"; sourceTree = "<group>"; };
		1224965B115EDB1500717CDA /* eq_game_submenu copy1.jpg */ = {isa = PBXFileReference; lastKnownFileType = image.jpeg; path = "eq_game_submenu copy1.jpg"; sourceTree = "<group>"; };
		1224965C115EDB1500717CDA /* patterngamesubmenu copy1.jpg */ = {isa = PBXFileReference; lastKnownFileType = image.jpeg; path = "patterngamesubmenu copy1.jpg"; sourceTree = "<group>"; };
		1224966B115EDE4100717CDA /* Clock_Game_Analog.h */ = {isa = PBXFileReference; fileEncoding = 4; lastKnownFileType = sourcecode.c.h; path = Clock_Game_Analog.h; sourceTree = "<group>"; };
		1224966C115EDE4100717CDA /* Clock_Game_Analog.m */ = {isa = PBXFileReference; fileEncoding = 4; lastKnownFileType = sourcecode.c.objc; path = Clock_Game_Analog.m; sourceTree = "<group>"; };
		1224966D115EDE4100717CDA /* Clock_Game_Analog.xib */ = {isa = PBXFileReference; lastKnownFileType = file.xib; name = Clock_Game_Analog.xib; path = Classes/Clock_Game_Analog.xib; sourceTree = "<group>"; };
		122CF4971149BA8F00804E20 /* MathCraft_Progress.h */ = {isa = PBXFileReference; fileEncoding = 4; lastKnownFileType = sourcecode.c.h; path = MathCraft_Progress.h; sourceTree = "<group>"; };
		122CF4981149BA8F00804E20 /* MathCraft_Progress.m */ = {isa = PBXFileReference; fileEncoding = 4; lastKnownFileType = sourcecode.c.objc; path = MathCraft_Progress.m; sourceTree = "<group>"; };
		122CF4991149BA8F00804E20 /* MathCraft_Progress.xib */ = {isa = PBXFileReference; lastKnownFileType = file.xib; name = MathCraft_Progress.xib; path = Classes/MathCraft_Progress.xib; sourceTree = "<group>"; };
		122CF4D01149BF6300804E20 /* 6 Option copy.jpg */ = {isa = PBXFileReference; lastKnownFileType = image.jpeg; path = "6 Option copy.jpg"; sourceTree = "<group>"; };
		122CF4E01149D2B200804E20 /* 1 login copy.jpg */ = {isa = PBXFileReference; lastKnownFileType = image.jpeg; path = "1 login copy.jpg"; sourceTree = "<group>"; };
		1240B64A114B040700808C92 /* Default.png */ = {isa = PBXFileReference; lastKnownFileType = image.png; path = Default.png; sourceTree = "<group>"; };
		1240B74A114B1EE800808C92 /* MathCraft_User.h */ = {isa = PBXFileReference; fileEncoding = 4; lastKnownFileType = sourcecode.c.h; path = MathCraft_User.h; sourceTree = "<group>"; };
		1240B74B114B1EE800808C92 /* MathCraft_User.m */ = {isa = PBXFileReference; fileEncoding = 4; lastKnownFileType = sourcecode.c.objc; path = MathCraft_User.m; sourceTree = "<group>"; };
		124C8D84115E0F36009A5EA9 /* blue.jpg */ = {isa = PBXFileReference; lastKnownFileType = image.jpeg; path = blue.jpg; sourceTree = "<group>"; };
		124C8D85115E0F36009A5EA9 /* green.jpg */ = {isa = PBXFileReference; lastKnownFileType = image.jpeg; path = green.jpg; sourceTree = "<group>"; };
		124C8D86115E0F36009A5EA9 /* red.jpg */ = {isa = PBXFileReference; lastKnownFileType = image.jpeg; path = red.jpg; sourceTree = "<group>"; };
		124E42C5114DDB600058C646 /* Eq Game copy.jpg */ = {isa = PBXFileReference; lastKnownFileType = image.jpeg; path = "Eq Game copy.jpg"; sourceTree = "<group>"; };
		124E42C6114DDB600058C646 /* log in copy1.jpg */ = {isa = PBXFileReference; lastKnownFileType = image.jpeg; path = "log in copy1.jpg"; sourceTree = "<group>"; };
		125D2DBF1148530500EE222A /* MathCraft_Option.h */ = {isa = PBXFileReference; fileEncoding = 4; lastKnownFileType = sourcecode.c.h; path = MathCraft_Option.h; sourceTree = "<group>"; };
		125D2DC01148530500EE222A /* MathCraft_Option.m */ = {isa = PBXFileReference; fileEncoding = 4; lastKnownFileType = sourcecode.c.objc; path = MathCraft_Option.m; sourceTree = "<group>"; };
		125D2DC11148530500EE222A /* MathCraft_Option.xib */ = {isa = PBXFileReference; lastKnownFileType = file.xib; name = MathCraft_Option.xib; path = Classes/MathCraft_Option.xib; sourceTree = "<group>"; };
		125D2DD611485C2200EE222A /* MathCraft_LeaderBoard.h */ = {isa = PBXFileReference; fileEncoding = 4; lastKnownFileType = sourcecode.c.h; path = MathCraft_LeaderBoard.h; sourceTree = "<group>"; };
		125D2DD711485C2200EE222A /* MathCraft_LeaderBoard.m */ = {isa = PBXFileReference; fileEncoding = 4; lastKnownFileType = sourcecode.c.objc; path = MathCraft_LeaderBoard.m; sourceTree = "<group>"; };
		125D2DD811485C2200EE222A /* MathCraft_LeaderBoard.xib */ = {isa = PBXFileReference; lastKnownFileType = file.xib; name = MathCraft_LeaderBoard.xib; path = Classes/MathCraft_LeaderBoard.xib; sourceTree = "<group>"; };
		125D2E4D1148617C00EE222A /* 2 Menu copy-1.jpg */ = {isa = PBXFileReference; lastKnownFileType = image.jpeg; path = "2 Menu copy-1.jpg"; sourceTree = "<group>"; };
		125D2E5E114864E600EE222A /* 3 Game Selection copy.jpg */ = {isa = PBXFileReference; lastKnownFileType = image.jpeg; path = "3 Game Selection copy.jpg"; sourceTree = "<group>"; };
		125D2E5F114864E600EE222A /* 5 View Progress copy.jpg */ = {isa = PBXFileReference; lastKnownFileType = image.jpeg; path = "5 View Progress copy.jpg"; sourceTree = "<group>"; };
		125D2E70114867D000EE222A /* MathCraft_GameMenu.h */ = {isa = PBXFileReference; fileEncoding = 4; lastKnownFileType = sourcecode.c.h; path = MathCraft_GameMenu.h; sourceTree = "<group>"; };
		125D2E71114867D000EE222A /* MathCraft_GameMenu.m */ = {isa = PBXFileReference; fileEncoding = 4; lastKnownFileType = sourcecode.c.objc; path = MathCraft_GameMenu.m; sourceTree = "<group>"; };
		125D2E72114867D000EE222A /* MathCraft_GameMenu.xib */ = {isa = PBXFileReference; lastKnownFileType = file.xib; name = MathCraft_GameMenu.xib; path = Classes/MathCraft_GameMenu.xib; sourceTree = "<group>"; };
		1265277B114EBE0B009F67CB /* MathCraft_MainMenu.h */ = {isa = PBXFileReference; fileEncoding = 4; lastKnownFileType = sourcecode.c.h; path = MathCraft_MainMenu.h; sourceTree = "<group>"; };
		1265277C114EBE0B009F67CB /* MathCraft_MainMenu.m */ = {isa = PBXFileReference; fileEncoding = 4; lastKnownFileType = sourcecode.c.objc; path = MathCraft_MainMenu.m; sourceTree = "<group>"; };
		1265277D114EBE0B009F67CB /* MathCraft_MainMenu.xib */ = {isa = PBXFileReference; lastKnownFileType = file.xib; name = MathCraft_MainMenu.xib; path = Classes/MathCraft_MainMenu.xib; sourceTree = "<group>"; };
		1268D0CE116079B30032C15D /* moneyGame copy.jpg */ = {isa = PBXFileReference; lastKnownFileType = image.jpeg; path = "moneyGame copy.jpg"; sourceTree = "<group>"; };
		1268D0D91160873C0032C15D /* pattern game copy.jpg */ = {isa = PBXFileReference; lastKnownFileType = image.jpeg; path = "pattern game copy.jpg"; sourceTree = "<group>"; };
		1268D0DB116087510032C15D /* register copy.jpg */ = {isa = PBXFileReference; lastKnownFileType = image.jpeg; path = "register copy.jpg"; sourceTree = "<group>"; };
		1268D0DD116087660032C15D /* moneygamesubmenu copy.jpg */ = {isa = PBXFileReference; lastKnownFileType = image.jpeg; path = "moneygamesubmenu copy.jpg"; sourceTree = "<group>"; };
		1268D0DF116087720032C15D /* Mirror game copy.jpg */ = {isa = PBXFileReference; lastKnownFileType = image.jpeg; path = "Mirror game copy.jpg"; sourceTree = "<group>"; };
		12886151115E209D00A6C540 /* button.png */ = {isa = PBXFileReference; lastKnownFileType = image.png; path = button.png; sourceTree = "<group>"; };
		12937B9111557BE600C730DE /* AVFoundation.framework */ = {isa = PBXFileReference; lastKnownFileType = wrapper.framework; name = AVFoundation.framework; path = System/Library/Frameworks/AVFoundation.framework; sourceTree = SDKROOT; };
		12937B9E1155873600C730DE /* MathCraft_Music.h */ = {isa = PBXFileReference; fileEncoding = 4; lastKnownFileType = sourcecode.c.h; path = MathCraft_Music.h; sourceTree = "<group>"; };
		12937B9F1155873600C730DE /* MathCraft_Music.m */ = {isa = PBXFileReference; fileEncoding = 4; lastKnownFileType = sourcecode.c.objc; path = MathCraft_Music.m; sourceTree = "<group>"; };
		12937E231155DB7200C730DE /* background.mp3 */ = {isa = PBXFileReference; lastKnownFileType = audio.mp3; path = background.mp3; sourceTree = "<group>"; };
		12937E241155DB7200C730DE /* eq.mp3 */ = {isa = PBXFileReference; lastKnownFileType = audio.mp3; path = eq.mp3; sourceTree = "<group>"; };
		12937E251155DB7200C730DE /* money.mp3 */ = {isa = PBXFileReference; lastKnownFileType = audio.mp3; path = money.mp3; sourceTree = "<group>"; };
		12937E261155DB7200C730DE /* pattern.mp3 */ = {isa = PBXFileReference; lastKnownFileType = audio.mp3; path = pattern.mp3; sourceTree = "<group>"; };
		12937E281155DB7200C730DE /* time.mp3 */ = {isa = PBXFileReference; lastKnownFileType = audio.mp3; path = time.mp3; sourceTree = "<group>"; };
		129AFAB511602C190034B959 /* MoneyGamesMenu.h */ = {isa = PBXFileReference; fileEncoding = 4; lastKnownFileType = sourcecode.c.h; path = MoneyGamesMenu.h; sourceTree = "<group>"; };
		129AFAB611602C190034B959 /* MoneyGamesMenu.m */ = {isa = PBXFileReference; fileEncoding = 4; lastKnownFileType = sourcecode.c.objc; path = MoneyGamesMenu.m; sourceTree = "<group>"; };
		129AFAB711602C190034B959 /* MoneyGamesMenu.xib */ = {isa = PBXFileReference; lastKnownFileType = file.xib; name = MoneyGamesMenu.xib; path = Classes/MoneyGamesMenu.xib; sourceTree = "<group>"; };
		129AFACF11602CF20034B959 /* 25cents.png */ = {isa = PBXFileReference; lastKnownFileType = image.png; path = 25cents.png; sourceTree = "<group>"; };
		129AFAD011602CF20034B959 /* one_coin.png */ = {isa = PBXFileReference; lastKnownFileType = image.png; path = one_coin.png; sourceTree = "<group>"; };
		129AFAD111602CF20034B959 /* two_coin.png */ = {isa = PBXFileReference; lastKnownFileType = image.png; path = two_coin.png; sourceTree = "<group>"; };
		129AFAD611602D230034B959 /* MoneyGameViewController.h */ = {isa = PBXFileReference; fileEncoding = 4; lastKnownFileType = sourcecode.c.h; path = MoneyGameViewController.h; sourceTree = "<group>"; };
		129AFAD911602F160034B959 /* MoneyGameViewController.xib */ = {isa = PBXFileReference; lastKnownFileType = file.xib; path = MoneyGameViewController.xib; sourceTree = "<group>"; };
		129AFB19116038030034B959 /* MoneyGameViewController.m */ = {isa = PBXFileReference; fileEncoding = 4; lastKnownFileType = sourcecode.c.objc; path = MoneyGameViewController.m; sourceTree = "<group>"; };
		12A83DB6115E8E890007DA66 /* ClockGamesMenu.h */ = {isa = PBXFileReference; fileEncoding = 4; lastKnownFileType = sourcecode.c.h; path = ClockGamesMenu.h; sourceTree = "<group>"; };
		12A83DB7115E8E890007DA66 /* ClockGamesMenu.m */ = {isa = PBXFileReference; fileEncoding = 4; lastKnownFileType = sourcecode.c.objc; path = ClockGamesMenu.m; sourceTree = "<group>"; };
		12A83DB8115E8E890007DA66 /* ClockGamesMenu.xib */ = {isa = PBXFileReference; lastKnownFileType = file.xib; name = ClockGamesMenu.xib; path = Classes/ClockGamesMenu.xib; sourceTree = "<group>"; };
		12A83DDC115E97640007DA66 /* Mirror_Game.h */ = {isa = PBXFileReference; fileEncoding = 4; lastKnownFileType = sourcecode.c.h; path = Mirror_Game.h; sourceTree = "<group>"; };
		12A83DDD115E97640007DA66 /* Mirror_Game.m */ = {isa = PBXFileReference; fileEncoding = 4; lastKnownFileType = sourcecode.c.objc; path = Mirror_Game.m; sourceTree = "<group>"; };
		12A83DDE115E97640007DA66 /* Mirror_Game.xib */ = {isa = PBXFileReference; lastKnownFileType = file.xib; name = Mirror_Game.xib; path = Classes/Mirror_Game.xib; sourceTree = "<group>"; };
		12A83EC3115EA24B0007DA66 /* Clock Game copy.jpg */ = {isa = PBXFileReference; lastKnownFileType = image.jpeg; path = "Clock Game copy.jpg"; sourceTree = "<group>"; };
		12A83EC4115EA24B0007DA66 /* hr_hand.png */ = {isa = PBXFileReference; lastKnownFileType = image.png; path = hr_hand.png; sourceTree = "<group>"; };
		12A83EC5115EA24B0007DA66 /* min_hand.png */ = {isa = PBXFileReference; lastKnownFileType = image.png; path = min_hand.png; sourceTree = "<group>"; };
		12A83EF0115EA5550007DA66 /* Clock_Game.h */ = {isa = PBXFileReference; fileEncoding = 4; lastKnownFileType = sourcecode.c.h; path = Clock_Game.h; sourceTree = "<group>"; };
		12A83EF1115EA5550007DA66 /* Clock_Game.m */ = {isa = PBXFileReference; fileEncoding = 4; lastKnownFileType = sourcecode.c.objc; path = Clock_Game.m; sourceTree = "<group>"; };
		12A83EF2115EA5550007DA66 /* Clock_Game.xib */ = {isa = PBXFileReference; lastKnownFileType = file.xib; name = Clock_Game.xib; path = Classes/Clock_Game.xib; sourceTree = "<group>"; };
		12A83F06115EAB390007DA66 /* min_hand1.png */ = {isa = PBXFileReference; lastKnownFileType = image.png; path = min_hand1.png; sourceTree = "<group>"; };
		12A83F09115EABBA0007DA66 /* hr_hand1.png */ = {isa = PBXFileReference; lastKnownFileType = image.png; path = hr_hand1.png; sourceTree = "<group>"; };
		12B4C81E115C7B3C00D0EC86 /* ManageProfile.h */ = {isa = PBXFileReference; fileEncoding = 4; lastKnownFileType = sourcecode.c.h; path = ManageProfile.h; sourceTree = "<group>"; };
		12B4C81F115C7B3C00D0EC86 /* ManageProfile.m */ = {isa = PBXFileReference; fileEncoding = 4; lastKnownFileType = sourcecode.c.objc; path = ManageProfile.m; sourceTree = "<group>"; };
		12B4C827115C7CDC00D0EC86 /* Data.plist */ = {isa = PBXFileReference; fileEncoding = 4; lastKnownFileType = text.plist.xml; path = Data.plist; sourceTree = "<group>"; };
		12ECDBED1140FF950002F94C /* MathCraft_Register.h */ = {isa = PBXFileReference; fileEncoding = 4; lastKnownFileType = sourcecode.c.h; path = MathCraft_Register.h; sourceTree = "<group>"; };
		12ECDBEE1140FF950002F94C /* MathCraft_Register.m */ = {isa = PBXFileReference; fileEncoding = 4; lastKnownFileType = sourcecode.c.objc; path = MathCraft_Register.m; sourceTree = "<group>"; };
		12ECDBEF1140FF950002F94C /* MathCraft_Register.xib */ = {isa = PBXFileReference; lastKnownFileType = file.xib; name = MathCraft_Register.xib; path = Classes/MathCraft_Register.xib; sourceTree = "<group>"; };
		1D30AB110D05D00D00671497 /* Foundation.framework */ = {isa = PBXFileReference; lastKnownFileType = wrapper.framework; name = Foundation.framework; path = System/Library/Frameworks/Foundation.framework; sourceTree = SDKROOT; };
		1D3623240D0F684500981E51 /* MathCraft_LoginAppDelegate.h */ = {isa = PBXFileReference; fileEncoding = 4; lastKnownFileType = sourcecode.c.h; path = MathCraft_LoginAppDelegate.h; sourceTree = "<group>"; };
		1D3623250D0F684500981E51 /* MathCraft_LoginAppDelegate.m */ = {isa = PBXFileReference; fileEncoding = 4; lastKnownFileType = sourcecode.c.objc; path = MathCraft_LoginAppDelegate.m; sourceTree = "<group>"; };
		1D6058910D05DD3D006BFB54 /* MathCraft_Login.app */ = {isa = PBXFileReference; explicitFileType = wrapper.application; includeInIndex = 0; path = MathCraft_Login.app; sourceTree = BUILT_PRODUCTS_DIR; };
		1DF5F4DF0D08C38300B7A737 /* UIKit.framework */ = {isa = PBXFileReference; lastKnownFileType = wrapper.framework; name = UIKit.framework; path = System/Library/Frameworks/UIKit.framework; sourceTree = SDKROOT; };
		288765A40DF7441C002DB57D /* CoreGraphics.framework */ = {isa = PBXFileReference; lastKnownFileType = wrapper.framework; name = CoreGraphics.framework; path = System/Library/Frameworks/CoreGraphics.framework; sourceTree = SDKROOT; };
		2899E5210DE3E06400AC0155 /* MathCraft_LoginViewController.xib */ = {isa = PBXFileReference; lastKnownFileType = file.xib; path = MathCraft_LoginViewController.xib; sourceTree = "<group>"; };
		28AD733E0D9D9553002E5188 /* MainWindow.xib */ = {isa = PBXFileReference; lastKnownFileType = file.xib; path = MainWindow.xib; sourceTree = "<group>"; };
		28D7ACF60DDB3853001CB0EB /* MathCraft_LoginViewController.h */ = {isa = PBXFileReference; fileEncoding = 4; lastKnownFileType = sourcecode.c.h; path = MathCraft_LoginViewController.h; sourceTree = "<group>"; };
		28D7ACF70DDB3853001CB0EB /* MathCraft_LoginViewController.m */ = {isa = PBXFileReference; fileEncoding = 4; lastKnownFileType = sourcecode.c.objc; path = MathCraft_LoginViewController.m; sourceTree = "<group>"; };
		29B97316FDCFA39411CA2CEA /* main.m */ = {isa = PBXFileReference; fileEncoding = 4; lastKnownFileType = sourcecode.c.objc; path = main.m; sourceTree = "<group>"; };
		32CA4F630368D1EE00C91783 /* MathCraft_Login_Prefix.pch */ = {isa = PBXFileReference; fileEncoding = 4; lastKnownFileType = sourcecode.c.h; path = MathCraft_Login_Prefix.pch; sourceTree = "<group>"; };
		8D1107310486CEB800E47090 /* MathCraft_Login-Info.plist */ = {isa = PBXFileReference; fileEncoding = 4; lastKnownFileType = text.plist.xml; path = "MathCraft_Login-Info.plist"; plistStructureDefinitionIdentifier = "com.apple.xcode.plist.structure-definition.iphone.info-plist"; sourceTree = "<group>"; };
		AF3973CB11613DF500360690 /* Unit Testing.octest */ = {isa = PBXFileReference; explicitFileType = wrapper.cfbundle; includeInIndex = 0; path = "Unit Testing.octest"; sourceTree = BUILT_PRODUCTS_DIR; };
		AF3973CC11613DF500360690 /* Unit Testing-Info.plist */ = {isa = PBXFileReference; lastKnownFileType = text.plist.xml; path = "Unit Testing-Info.plist"; sourceTree = "<group>"; };
		AF3973D011613E2000360690 /* TestScript.h */ = {isa = PBXFileReference; fileEncoding = 4; lastKnownFileType = sourcecode.c.h; name = TestScript.h; path = Classes/TestScript.h; sourceTree = "<group>"; };
		AF3973D111613E2000360690 /* TestScript.m */ = {isa = PBXFileReference; fileEncoding = 4; lastKnownFileType = sourcecode.c.objc; name = TestScript.m; path = Classes/TestScript.m; sourceTree = "<group>"; };
		C849105D114D95FA00885144 /* MathCraftScript-Info.plist */ = {isa = PBXFileReference; lastKnownFileType = text.plist.xml; path = "MathCraftScript-Info.plist"; sourceTree = "<group>"; };
		C89A3CCF115E03B300F7F6FB /* PatternGame2ViewController.xib */ = {isa = PBXFileReference; lastKnownFileType = file.xib; path = PatternGame2ViewController.xib; sourceTree = "<group>"; };
		C8B38645114DB3A20080B365 /* Equation_GameViewController.h */ = {isa = PBXFileReference; fileEncoding = 4; lastKnownFileType = sourcecode.c.h; path = Equation_GameViewController.h; sourceTree = "<group>"; };
		C8B38646114DB3A20080B365 /* Equation_GameViewController.m */ = {isa = PBXFileReference; fileEncoding = 4; lastKnownFileType = sourcecode.c.objc; path = Equation_GameViewController.m; sourceTree = "<group>"; };
		C8B3865A114DB5890080B365 /* Equation_GameViewController.xib */ = {isa = PBXFileReference; lastKnownFileType = file.xib; path = Equation_GameViewController.xib; sourceTree = "<group>"; };
		C8C9B859115D8C4200319707 /* PatternGame2ViewController.h */ = {isa = PBXFileReference; fileEncoding = 4; lastKnownFileType = sourcecode.c.h; path = PatternGame2ViewController.h; sourceTree = "<group>"; };
		C8C9B85A115D8C4200319707 /* PatternGame2ViewController.m */ = {isa = PBXFileReference; fileEncoding = 4; lastKnownFileType = sourcecode.c.objc; path = PatternGame2ViewController.m; sourceTree = "<group>"; };
		C8C9B89D115D8FF300319707 /* PatternGamesMenuViewController.xib */ = {isa = PBXFileReference; lastKnownFileType = file.xib; name = PatternGamesMenuViewController.xib; path = Classes/PatternGamesMenuViewController.xib; sourceTree = "<group>"; };
		C8C9B89F115D8FFF00319707 /* PatternGamesMenuViewController.h */ = {isa = PBXFileReference; fileEncoding = 4; lastKnownFileType = sourcecode.c.h; path = PatternGamesMenuViewController.h; sourceTree = "<group>"; };
		C8C9B8A0115D8FFF00319707 /* PatternGamesMenuViewController.m */ = {isa = PBXFileReference; fileEncoding = 4; lastKnownFileType = sourcecode.c.objc; path = PatternGamesMenuViewController.m; sourceTree = "<group>"; };
		C8F09BDE115D99BB00A618CF /* EquationGamesMenuViewController.h */ = {isa = PBXFileReference; fileEncoding = 4; lastKnownFileType = sourcecode.c.h; path = EquationGamesMenuViewController.h; sourceTree = "<group>"; };
		C8F09BDF115D99BB00A618CF /* EquationGamesMenuViewController.m */ = {isa = PBXFileReference; fileEncoding = 4; lastKnownFileType = sourcecode.c.objc; path = EquationGamesMenuViewController.m; sourceTree = "<group>"; };
		C8F09BE1115D99C000A618CF /* EquationGamesMenuViewController.xib */ = {isa = PBXFileReference; lastKnownFileType = file.xib; name = EquationGamesMenuViewController.xib; path = Classes/EquationGamesMenuViewController.xib; sourceTree = "<group>"; };
		C8F09BE3115D99CA00A618CF /* MathGame1_3ViewController.h */ = {isa = PBXFileReference; fileEncoding = 4; lastKnownFileType = sourcecode.c.h; path = MathGame1_3ViewController.h; sourceTree = "<group>"; };
		C8F09BE4115D99CA00A618CF /* MathGame1_3ViewController.m */ = {isa = PBXFileReference; fileEncoding = 4; lastKnownFileType = sourcecode.c.objc; path = MathGame1_3ViewController.m; sourceTree = "<group>"; };
		C8F09BE8115D99DE00A618CF /* MathGame1_3ViewController.xib */ = {isa = PBXFileReference; lastKnownFileType = file.xib; name = MathGame1_3ViewController.xib; path = Classes/MathGame1_3ViewController.xib; sourceTree = "<group>"; };
/* End PBXFileReference section */

/* Begin PBXFrameworksBuildPhase section */
		1D60588F0D05DD3D006BFB54 /* Frameworks */ = {
			isa = PBXFrameworksBuildPhase;
			buildActionMask = 2147483647;
			files = (
				1D60589F0D05DD5A006BFB54 /* Foundation.framework in Frameworks */,
				1DF5F4E00D08C38300B7A737 /* UIKit.framework in Frameworks */,
				288765A50DF7441C002DB57D /* CoreGraphics.framework in Frameworks */,
				12937B9211557BE600C730DE /* AVFoundation.framework in Frameworks */,
			);
			runOnlyForDeploymentPostprocessing = 0;
		};
		AF3973C811613DF500360690 /* Frameworks */ = {
			isa = PBXFrameworksBuildPhase;
			buildActionMask = 2147483647;
			files = (
			);
			runOnlyForDeploymentPostprocessing = 0;
		};
/* End PBXFrameworksBuildPhase section */

/* Begin PBXGroup section */
		080E96DDFE201D6D7F000001 /* Classes */ = {
			isa = PBXGroup;
			children = (
				120FEBDC115AB5F4007B1FAF /* Profile */,
				127607DC115181AB00FC4108 /* Login */,
				127607D91151812F00FC4108 /* Menus */,
				127607DA1151813B00FC4108 /* Games */,
				127607DB1151817F00FC4108 /* Others */,
				1D3623240D0F684500981E51 /* MathCraft_LoginAppDelegate.h */,
				1D3623250D0F684500981E51 /* MathCraft_LoginAppDelegate.m */,
			);
			path = Classes;
			sourceTree = "<group>";
		};
		120FEBDC115AB5F4007B1FAF /* Profile */ = {
			isa = PBXGroup;
			children = (
				12B4C81E115C7B3C00D0EC86 /* ManageProfile.h */,
				12B4C81F115C7B3C00D0EC86 /* ManageProfile.m */,
				120FEBE7115AB5FF007B1FAF /* UserProfile.h */,
				120FEBE8115AB5FF007B1FAF /* UserProfile.m */,
			);
			name = Profile;
			sourceTree = "<group>";
		};
		12249653115ED98D00717CDA /* Submenus */ = {
			isa = PBXGroup;
			children = (
				1224965A115EDB1500717CDA /* clockgamesubmenu copy1.jpg */,
				1224965B115EDB1500717CDA /* eq_game_submenu copy1.jpg */,
				1268D0DD116087660032C15D /* moneygamesubmenu copy.jpg */,
				1224965C115EDB1500717CDA /* patterngamesubmenu copy1.jpg */,
			);
			name = Submenus;
			sourceTree = "<group>";
		};
		124C8D78115E0CC6009A5EA9 /* PatternGame  Graphic */ = {
			isa = PBXGroup;
			children = (
				1268D0DF116087720032C15D /* Mirror game copy.jpg */,
				1268D0D91160873C0032C15D /* pattern game copy.jpg */,
				124C8D84115E0F36009A5EA9 /* blue.jpg */,
				124C8D85115E0F36009A5EA9 /* green.jpg */,
				124C8D86115E0F36009A5EA9 /* red.jpg */,
			);
			name = "PatternGame  Graphic";
			sourceTree = "<group>";
		};
		124C8D8C115E0F5F009A5EA9 /* Sub Game Menus */ = {
			isa = PBXGroup;
			children = (
				C8F09BDE115D99BB00A618CF /* EquationGamesMenuViewController.h */,
				C8F09BDF115D99BB00A618CF /* EquationGamesMenuViewController.m */,
				C8C9B89F115D8FFF00319707 /* PatternGamesMenuViewController.h */,
				C8C9B8A0115D8FFF00319707 /* PatternGamesMenuViewController.m */,
				12A83DB6115E8E890007DA66 /* ClockGamesMenu.h */,
				12A83DB7115E8E890007DA66 /* ClockGamesMenu.m */,
				129AFAB511602C190034B959 /* MoneyGamesMenu.h */,
				129AFAB611602C190034B959 /* MoneyGamesMenu.m */,
			);
			name = "Sub Game Menus";
			sourceTree = "<group>";
		};
		127607D91151812F00FC4108 /* Menus */ = {
			isa = PBXGroup;
			children = (
				1265277B114EBE0B009F67CB /* MathCraft_MainMenu.h */,
				1265277C114EBE0B009F67CB /* MathCraft_MainMenu.m */,
				125D2E70114867D000EE222A /* MathCraft_GameMenu.h */,
				125D2E71114867D000EE222A /* MathCraft_GameMenu.m */,
				124C8D8C115E0F5F009A5EA9 /* Sub Game Menus */,
			);
			name = Menus;
			sourceTree = "<group>";
		};
		127607DA1151813B00FC4108 /* Games */ = {
			isa = PBXGroup;
			children = (
				129AFAD611602D230034B959 /* MoneyGameViewController.h */,
				129AFB19116038030034B959 /* MoneyGameViewController.m */,
				C8F09BE3115D99CA00A618CF /* MathGame1_3ViewController.h */,
				C8F09BE4115D99CA00A618CF /* MathGame1_3ViewController.m */,
				C8C9B859115D8C4200319707 /* PatternGame2ViewController.h */,
				C8C9B85A115D8C4200319707 /* PatternGame2ViewController.m */,
				C8B38645114DB3A20080B365 /* Equation_GameViewController.h */,
				C8B38646114DB3A20080B365 /* Equation_GameViewController.m */,
				12A83DDC115E97640007DA66 /* Mirror_Game.h */,
				12A83DDD115E97640007DA66 /* Mirror_Game.m */,
				1224966B115EDE4100717CDA /* Clock_Game_Analog.h */,
				1224966C115EDE4100717CDA /* Clock_Game_Analog.m */,
				12A83EF0115EA5550007DA66 /* Clock_Game.h */,
				12A83EF1115EA5550007DA66 /* Clock_Game.m */,
			);
			name = Games;
			sourceTree = "<group>";
		};
		127607DB1151817F00FC4108 /* Others */ = {
			isa = PBXGroup;
			children = (
				125D2DBF1148530500EE222A /* MathCraft_Option.h */,
				125D2DC01148530500EE222A /* MathCraft_Option.m */,
				122CF4971149BA8F00804E20 /* MathCraft_Progress.h */,
				122CF4981149BA8F00804E20 /* MathCraft_Progress.m */,
				125D2DD611485C2200EE222A /* MathCraft_LeaderBoard.h */,
				125D2DD711485C2200EE222A /* MathCraft_LeaderBoard.m */,
				12937B9E1155873600C730DE /* MathCraft_Music.h */,
				12937B9F1155873600C730DE /* MathCraft_Music.m */,
			);
			name = Others;
			sourceTree = "<group>";
		};
		127607DC115181AB00FC4108 /* Login */ = {
			isa = PBXGroup;
			children = (
				1240B74A114B1EE800808C92 /* MathCraft_User.h */,
				1240B74B114B1EE800808C92 /* MathCraft_User.m */,
				28D7ACF60DDB3853001CB0EB /* MathCraft_LoginViewController.h */,
				28D7ACF70DDB3853001CB0EB /* MathCraft_LoginViewController.m */,
				12ECDBED1140FF950002F94C /* MathCraft_Register.h */,
				12ECDBEE1140FF950002F94C /* MathCraft_Register.m */,
			);
			name = Login;
			sourceTree = "<group>";
		};
		12937E2F1155DB7700C730DE /* SoundTracks */ = {
			isa = PBXGroup;
			children = (
				12937E231155DB7200C730DE /* background.mp3 */,
				12937E241155DB7200C730DE /* eq.mp3 */,
				12937E251155DB7200C730DE /* money.mp3 */,
				12937E261155DB7200C730DE /* pattern.mp3 */,
				12937E281155DB7200C730DE /* time.mp3 */,
			);
			name = SoundTracks;
			sourceTree = "<group>";
		};
		12937E301155DB9200C730DE /* System Graphic */ = {
			isa = PBXGroup;
			children = (
				12249653115ED98D00717CDA /* Submenus */,
				1240B64A114B040700808C92 /* Default.png */,
				122CF4E01149D2B200804E20 /* 1 login copy.jpg */,
				124E42C5114DDB600058C646 /* Eq Game copy.jpg */,
				124E42C6114DDB600058C646 /* log in copy1.jpg */,
				125D2E4D1148617C00EE222A /* 2 Menu copy-1.jpg */,
				1268D0DB116087510032C15D /* register copy.jpg */,
				125D2E5E114864E600EE222A /* 3 Game Selection copy.jpg */,
				125D2E5F114864E600EE222A /* 5 View Progress copy.jpg */,
				122CF4D01149BF6300804E20 /* 6 Option copy.jpg */,
			);
			name = "System Graphic";
			sourceTree = "<group>";
		};
		12937E311155DBD700C730DE /* EQGame Graphic */ = {
			isa = PBXGroup;
			children = (
				12886151115E209D00A6C540 /* button.png */,
			);
			name = "EQGame Graphic";
			sourceTree = "<group>";
		};
		12937E321155DBF700C730DE /* ClockGame Graphic */ = {
			isa = PBXGroup;
			children = (
				12A83EC3115EA24B0007DA66 /* Clock Game copy.jpg */,
				12A83F06115EAB390007DA66 /* min_hand1.png */,
				12A83F09115EABBA0007DA66 /* hr_hand1.png */,
				12A83EC4115EA24B0007DA66 /* hr_hand.png */,
				12A83EC5115EA24B0007DA66 /* min_hand.png */,
			);
			name = "ClockGame Graphic";
			sourceTree = "<group>";
		};
		129AFAC811602CDA0034B959 /* MoneyGame Graphic */ = {
			isa = PBXGroup;
			children = (
				1268D0CE116079B30032C15D /* moneyGame copy.jpg */,
				129AFACF11602CF20034B959 /* 25cents.png */,
				129AFAD011602CF20034B959 /* one_coin.png */,
				129AFAD111602CF20034B959 /* two_coin.png */,
			);
			name = "MoneyGame Graphic";
			sourceTree = "<group>";
		};
		12A83DBB115E8EAC0007DA66 /* Sub Menus */ = {
			isa = PBXGroup;
			children = (
				C8F09BE1115D99C000A618CF /* EquationGamesMenuViewController.xib */,
				129AFAB711602C190034B959 /* MoneyGamesMenu.xib */,
				12A83DB8115E8E890007DA66 /* ClockGamesMenu.xib */,
				C8C9B89D115D8FF300319707 /* PatternGamesMenuViewController.xib */,
			);
			name = "Sub Menus";
			sourceTree = "<group>";
		};
		12A83DBC115E8ECD0007DA66 /* Games */ = {
			isa = PBXGroup;
			children = (
				129AFAD911602F160034B959 /* MoneyGameViewController.xib */,
				12A83EF2115EA5550007DA66 /* Clock_Game.xib */,
				1224966D115EDE4100717CDA /* Clock_Game_Analog.xib */,
				12A83DDE115E97640007DA66 /* Mirror_Game.xib */,
				C89A3CCF115E03B300F7F6FB /* PatternGame2ViewController.xib */,
				C8F09BE8115D99DE00A618CF /* MathGame1_3ViewController.xib */,
				C8B3865A114DB5890080B365 /* Equation_GameViewController.xib */,
			);
			name = Games;
			sourceTree = "<group>";
		};
		12A83DBD115E8EEC0007DA66 /* Main Menu Items */ = {
			isa = PBXGroup;
			children = (
				2899E5210DE3E06400AC0155 /* MathCraft_LoginViewController.xib */,
				1265277D114EBE0B009F67CB /* MathCraft_MainMenu.xib */,
				125D2DC11148530500EE222A /* MathCraft_Option.xib */,
				12ECDBEF1140FF950002F94C /* MathCraft_Register.xib */,
				125D2DD811485C2200EE222A /* MathCraft_LeaderBoard.xib */,
				122CF4991149BA8F00804E20 /* MathCraft_Progress.xib */,
				125D2E72114867D000EE222A /* MathCraft_GameMenu.xib */,
			);
			name = "Main Menu Items";
			sourceTree = "<group>";
		};
		19C28FACFE9D520D11CA2CBB /* Products */ = {
			isa = PBXGroup;
			children = (
				1D6058910D05DD3D006BFB54 /* MathCraft_Login.app */,
				AF3973CB11613DF500360690 /* Unit Testing.octest */,
			);
			name = Products;
			sourceTree = "<group>";
		};
		29B97314FDCFA39411CA2CEA /* CustomTemplate */ = {
			isa = PBXGroup;
			children = (
				AF3973C511613DC100360690 /* Testing */,
				080E96DDFE201D6D7F000001 /* Classes */,
				29B97315FDCFA39411CA2CEA /* Other Sources */,
				29B97317FDCFA39411CA2CEA /* Resources */,
				29B97323FDCFA39411CA2CEA /* Frameworks */,
				19C28FACFE9D520D11CA2CBB /* Products */,
				C849105D114D95FA00885144 /* MathCraftScript-Info.plist */,
				AF3973CC11613DF500360690 /* Unit Testing-Info.plist */,
			);
			name = CustomTemplate;
			sourceTree = "<group>";
		};
		29B97315FDCFA39411CA2CEA /* Other Sources */ = {
			isa = PBXGroup;
			children = (
				12937E2F1155DB7700C730DE /* SoundTracks */,
				12937E301155DB9200C730DE /* System Graphic */,
				12937E321155DBF700C730DE /* ClockGame Graphic */,
				129AFAC811602CDA0034B959 /* MoneyGame Graphic */,
				124C8D78115E0CC6009A5EA9 /* PatternGame  Graphic */,
				12937E311155DBD700C730DE /* EQGame Graphic */,
				32CA4F630368D1EE00C91783 /* MathCraft_Login_Prefix.pch */,
				29B97316FDCFA39411CA2CEA /* main.m */,
			);
			name = "Other Sources";
			sourceTree = "<group>";
		};
		29B97317FDCFA39411CA2CEA /* Resources */ = {
			isa = PBXGroup;
			children = (
				12A83DBD115E8EEC0007DA66 /* Main Menu Items */,
				12A83DBC115E8ECD0007DA66 /* Games */,
				12A83DBB115E8EAC0007DA66 /* Sub Menus */,
				28AD733E0D9D9553002E5188 /* MainWindow.xib */,
				8D1107310486CEB800E47090 /* MathCraft_Login-Info.plist */,
				12B4C827115C7CDC00D0EC86 /* Data.plist */,
			);
			name = Resources;
			sourceTree = "<group>";
		};
		29B97323FDCFA39411CA2CEA /* Frameworks */ = {
			isa = PBXGroup;
			children = (
				1DF5F4DF0D08C38300B7A737 /* UIKit.framework */,
				1D30AB110D05D00D00671497 /* Foundation.framework */,
				288765A40DF7441C002DB57D /* CoreGraphics.framework */,
				12937B9111557BE600C730DE /* AVFoundation.framework */,
			);
			name = Frameworks;
			sourceTree = "<group>";
		};
		AF3973C511613DC100360690 /* Testing */ = {
			isa = PBXGroup;
			children = (
				AF3973D011613E2000360690 /* TestScript.h */,
				AF3973D111613E2000360690 /* TestScript.m */,
			);
			name = Testing;
			sourceTree = "<group>";
		};
/* End PBXGroup section */

/* Begin PBXNativeTarget section */
		1D6058900D05DD3D006BFB54 /* MathCraft_Login */ = {
			isa = PBXNativeTarget;
			buildConfigurationList = 1D6058960D05DD3E006BFB54 /* Build configuration list for PBXNativeTarget "MathCraft_Login" */;
			buildPhases = (
				1D60588D0D05DD3D006BFB54 /* Resources */,
				1D60588E0D05DD3D006BFB54 /* Sources */,
				1D60588F0D05DD3D006BFB54 /* Frameworks */,
			);
			buildRules = (
			);
			dependencies = (
				AF3973E911613E6900360690 /* PBXTargetDependency */,
			);
			name = MathCraft_Login;
			productName = MathCraft_Login;
			productReference = 1D6058910D05DD3D006BFB54 /* MathCraft_Login.app */;
			productType = "com.apple.product-type.application";
		};
		AF3973CA11613DF500360690 /* Unit Testing */ = {
			isa = PBXNativeTarget;
			buildConfigurationList = AF3973CF11613DF600360690 /* Build configuration list for PBXNativeTarget "Unit Testing" */;
			buildPhases = (
				AF3973C611613DF500360690 /* Resources */,
				AF3973C711613DF500360690 /* Sources */,
				AF3973C811613DF500360690 /* Frameworks */,
				AF3973C911613DF500360690 /* ShellScript */,
			);
			buildRules = (
			);
			dependencies = (
			);
			name = "Unit Testing";
			productName = "Unit Testing";
			productReference = AF3973CB11613DF500360690 /* Unit Testing.octest */;
			productType = "com.apple.product-type.bundle";
		};
/* End PBXNativeTarget section */

/* Begin PBXProject section */
		29B97313FDCFA39411CA2CEA /* Project object */ = {
			isa = PBXProject;
			buildConfigurationList = C01FCF4E08A954540054247B /* Build configuration list for PBXProject "MathCraft_Login" */;
			compatibilityVersion = "Xcode 3.1";
			hasScannedForEncodings = 1;
			mainGroup = 29B97314FDCFA39411CA2CEA /* CustomTemplate */;
			projectDirPath = "";
			projectRoot = "";
			targets = (
				1D6058900D05DD3D006BFB54 /* MathCraft_Login */,
				AF3973CA11613DF500360690 /* Unit Testing */,
			);
		};
/* End PBXProject section */

/* Begin PBXResourcesBuildPhase section */
		1D60588D0D05DD3D006BFB54 /* Resources */ = {
			isa = PBXResourcesBuildPhase;
			buildActionMask = 2147483647;
			files = (
				28AD733F0D9D9553002E5188 /* MainWindow.xib in Resources */,
				2899E5220DE3E06400AC0155 /* MathCraft_LoginViewController.xib in Resources */,
				12ECDBF11140FF950002F94C /* MathCraft_Register.xib in Resources */,
				125D2DC31148530500EE222A /* MathCraft_Option.xib in Resources */,
				125D2DDA11485C2200EE222A /* MathCraft_LeaderBoard.xib in Resources */,
				125D2E4E1148617C00EE222A /* 2 Menu copy-1.jpg in Resources */,
				125D2E62114864E600EE222A /* 3 Game Selection copy.jpg in Resources */,
				125D2E63114864E600EE222A /* 5 View Progress copy.jpg in Resources */,
				125D2E74114867D000EE222A /* MathCraft_GameMenu.xib in Resources */,
				122CF49B1149BA8F00804E20 /* MathCraft_Progress.xib in Resources */,
				122CF4D11149BF6300804E20 /* 6 Option copy.jpg in Resources */,
				122CF4E11149D2B200804E20 /* 1 login copy.jpg in Resources */,
				1240B64B114B040700808C92 /* Default.png in Resources */,
				C8B3865B114DB5890080B365 /* Equation_GameViewController.xib in Resources */,
				124E42C7114DDB600058C646 /* Eq Game copy.jpg in Resources */,
				124E42C8114DDB600058C646 /* log in copy1.jpg in Resources */,
				1265277F114EBE0B009F67CB /* MathCraft_MainMenu.xib in Resources */,
				12937E291155DB7200C730DE /* background.mp3 in Resources */,
				12937E2A1155DB7200C730DE /* eq.mp3 in Resources */,
				12937E2B1155DB7200C730DE /* money.mp3 in Resources */,
				12937E2C1155DB7200C730DE /* pattern.mp3 in Resources */,
				12937E2E1155DB7200C730DE /* time.mp3 in Resources */,
				12B4C828115C7CDC00D0EC86 /* Data.plist in Resources */,
				C8C9B89E115D8FF300319707 /* PatternGamesMenuViewController.xib in Resources */,
				C8F09BE2115D99C000A618CF /* EquationGamesMenuViewController.xib in Resources */,
				C8F09BE9115D99DE00A618CF /* MathGame1_3ViewController.xib in Resources */,
				C89A3CD0115E03B300F7F6FB /* PatternGame2ViewController.xib in Resources */,
				124C8D87115E0F36009A5EA9 /* blue.jpg in Resources */,
				124C8D88115E0F36009A5EA9 /* green.jpg in Resources */,
				124C8D89115E0F36009A5EA9 /* red.jpg in Resources */,
				12886152115E209D00A6C540 /* button.png in Resources */,
				12A83DBA115E8E890007DA66 /* ClockGamesMenu.xib in Resources */,
				12A83DE0115E97640007DA66 /* Mirror_Game.xib in Resources */,
				12A83EC6115EA24B0007DA66 /* Clock Game copy.jpg in Resources */,
				12A83EC7115EA24B0007DA66 /* hr_hand.png in Resources */,
				12A83EC8115EA24B0007DA66 /* min_hand.png in Resources */,
				12A83EF4115EA5550007DA66 /* Clock_Game.xib in Resources */,
				12A83F08115EAB390007DA66 /* min_hand1.png in Resources */,
				12A83F0A115EABBA0007DA66 /* hr_hand1.png in Resources */,
				1224965D115EDB1500717CDA /* clockgamesubmenu copy1.jpg in Resources */,
				1224965E115EDB1500717CDA /* eq_game_submenu copy1.jpg in Resources */,
				1224965F115EDB1500717CDA /* patterngamesubmenu copy1.jpg in Resources */,
				1224966F115EDE4100717CDA /* Clock_Game_Analog.xib in Resources */,
				129AFAB911602C190034B959 /* MoneyGamesMenu.xib in Resources */,
				129AFAD211602CF20034B959 /* 25cents.png in Resources */,
				129AFAD311602CF20034B959 /* one_coin.png in Resources */,
				129AFAD411602CF20034B959 /* two_coin.png in Resources */,
				129AFADA11602F160034B959 /* MoneyGameViewController.xib in Resources */,
				1268D0CF116079B30032C15D /* moneyGame copy.jpg in Resources */,
				1268D0DA1160873C0032C15D /* pattern game copy.jpg in Resources */,
				1268D0DC116087510032C15D /* register copy.jpg in Resources */,
				1268D0DE116087660032C15D /* moneygamesubmenu copy.jpg in Resources */,
				1268D0E0116087720032C15D /* Mirror game copy.jpg in Resources */,
			);
			runOnlyForDeploymentPostprocessing = 0;
		};
		AF3973C611613DF500360690 /* Resources */ = {
			isa = PBXResourcesBuildPhase;
			buildActionMask = 2147483647;
			files = (
			);
			runOnlyForDeploymentPostprocessing = 0;
		};
/* End PBXResourcesBuildPhase section */

/* Begin PBXShellScriptBuildPhase section */
		AF3973C911613DF500360690 /* ShellScript */ = {
			isa = PBXShellScriptBuildPhase;
			buildActionMask = 2147483647;
			files = (
			);
			inputPaths = (
			);
			outputPaths = (
			);
			runOnlyForDeploymentPostprocessing = 0;
			shellPath = /bin/sh;
			shellScript = "# Run the unit tests in this test bundle.\n\"${SYSTEM_DEVELOPER_DIR}/Tools/RunUnitTests\"\n";
		};
/* End PBXShellScriptBuildPhase section */

/* Begin PBXSourcesBuildPhase section */
		1D60588E0D05DD3D006BFB54 /* Sources */ = {
			isa = PBXSourcesBuildPhase;
			buildActionMask = 2147483647;
			files = (
				1D60589B0D05DD56006BFB54 /* main.m in Sources */,
				1D3623260D0F684500981E51 /* MathCraft_LoginAppDelegate.m in Sources */,
				28D7ACF80DDB3853001CB0EB /* MathCraft_LoginViewController.m in Sources */,
				12ECDBF01140FF950002F94C /* MathCraft_Register.m in Sources */,
				125D2DC21148530500EE222A /* MathCraft_Option.m in Sources */,
				125D2DD911485C2200EE222A /* MathCraft_LeaderBoard.m in Sources */,
				125D2E73114867D000EE222A /* MathCraft_GameMenu.m in Sources */,
				122CF49A1149BA8F00804E20 /* MathCraft_Progress.m in Sources */,
				1240B74C114B1EE800808C92 /* MathCraft_User.m in Sources */,
				C8B38647114DB3A20080B365 /* Equation_GameViewController.m in Sources */,
				1265277E114EBE0B009F67CB /* MathCraft_MainMenu.m in Sources */,
				12937BA01155873600C730DE /* MathCraft_Music.m in Sources */,
				120FEBEB115AB5FF007B1FAF /* UserProfile.m in Sources */,
				12B4C820115C7B3C00D0EC86 /* ManageProfile.m in Sources */,
				C8C9B85B115D8C4200319707 /* PatternGame2ViewController.m in Sources */,
				C8C9B8A1115D8FFF00319707 /* PatternGamesMenuViewController.m in Sources */,
				C8F09BE0115D99BB00A618CF /* EquationGamesMenuViewController.m in Sources */,
				C8F09BE5115D99CA00A618CF /* MathGame1_3ViewController.m in Sources */,
				12A83DB9115E8E890007DA66 /* ClockGamesMenu.m in Sources */,
				12A83DDF115E97640007DA66 /* Mirror_Game.m in Sources */,
				12A83EF3115EA5550007DA66 /* Clock_Game.m in Sources */,
				1224966E115EDE4100717CDA /* Clock_Game_Analog.m in Sources */,
				129AFAB811602C190034B959 /* MoneyGamesMenu.m in Sources */,
				129AFB1A116038030034B959 /* MoneyGameViewController.m in Sources */,
			);
			runOnlyForDeploymentPostprocessing = 0;
		};
		AF3973C711613DF500360690 /* Sources */ = {
			isa = PBXSourcesBuildPhase;
			buildActionMask = 2147483647;
			files = (
				AF3973D211613E2000360690 /* TestScript.m in Sources */,
				AF3973D311613E3300360690 /* ManageProfile.m in Sources */,
				AF3973D411613E3300360690 /* UserProfile.m in Sources */,
			);
			runOnlyForDeploymentPostprocessing = 0;
		};
/* End PBXSourcesBuildPhase section */

/* Begin PBXTargetDependency section */
		AF3973E911613E6900360690 /* PBXTargetDependency */ = {
			isa = PBXTargetDependency;
			target = AF3973CA11613DF500360690 /* Unit Testing */;
			targetProxy = AF3973E811613E6900360690 /* PBXContainerItemProxy */;
		};
/* End PBXTargetDependency section */

/* Begin XCBuildConfiguration section */
		1D6058940D05DD3E006BFB54 /* Debug */ = {
			isa = XCBuildConfiguration;
			buildSettings = {
				ALWAYS_SEARCH_USER_PATHS = NO;
				COPY_PHASE_STRIP = NO;
				GCC_DYNAMIC_NO_PIC = NO;
				GCC_OPTIMIZATION_LEVEL = 0;
				GCC_PRECOMPILE_PREFIX_HEADER = YES;
				GCC_PREFIX_HEADER = MathCraft_Login_Prefix.pch;
				INFOPLIST_FILE = "MathCraft_Login-Info.plist";
				PRODUCT_NAME = MathCraft_Login;
			};
			name = Debug;
		};
		1D6058950D05DD3E006BFB54 /* Release */ = {
			isa = XCBuildConfiguration;
			buildSettings = {
				ALWAYS_SEARCH_USER_PATHS = NO;
				COPY_PHASE_STRIP = YES;
				GCC_PRECOMPILE_PREFIX_HEADER = YES;
				GCC_PREFIX_HEADER = MathCraft_Login_Prefix.pch;
				INFOPLIST_FILE = "MathCraft_Login-Info.plist";
				PRODUCT_NAME = MathCraft_Login;
			};
			name = Release;
		};
		AF3973CD11613DF600360690 /* Debug */ = {
			isa = XCBuildConfiguration;
			buildSettings = {
				ALWAYS_SEARCH_USER_PATHS = NO;
				COPY_PHASE_STRIP = NO;
				FRAMEWORK_SEARCH_PATHS = (
					"\"$(SDKROOT)/Developer/Library/Frameworks\"",
					"\"$(DEVELOPER_LIBRARY_DIR)/Frameworks\"",
				);
				GCC_DYNAMIC_NO_PIC = NO;
				GCC_ENABLE_FIX_AND_CONTINUE = NO;
				GCC_ENABLE_OBJC_EXCEPTIONS = YES;
				GCC_OPTIMIZATION_LEVEL = 0;
				INFOPLIST_FILE = "Unit Testing-Info.plist";
				OTHER_LDFLAGS = (
					"-framework",
					Foundation,
					"-framework",
					SenTestingKit,
					"-framework",
					UIKit,
				);
				PREBINDING = NO;
				PRODUCT_NAME = "Unit Testing";
				WRAPPER_EXTENSION = octest;
			};
			name = Debug;
		};
		AF3973CE11613DF600360690 /* Release */ = {
			isa = XCBuildConfiguration;
			buildSettings = {
				ALWAYS_SEARCH_USER_PATHS = NO;
				COPY_PHASE_STRIP = YES;
				DEBUG_INFORMATION_FORMAT = "dwarf-with-dsym";
				FRAMEWORK_SEARCH_PATHS = (
					"\"$(SDKROOT)/Developer/Library/Frameworks\"",
					"\"$(DEVELOPER_LIBRARY_DIR)/Frameworks\"",
				);
				GCC_ENABLE_FIX_AND_CONTINUE = NO;
				GCC_ENABLE_OBJC_EXCEPTIONS = YES;
				INFOPLIST_FILE = "Unit Testing-Info.plist";
				OTHER_LDFLAGS = (
					"-framework",
					Foundation,
					"-framework",
					SenTestingKit,
					"-framework",
					UIKit,
				);
				PREBINDING = NO;
				PRODUCT_NAME = "Unit Testing";
				WRAPPER_EXTENSION = octest;
				ZERO_LINK = NO;
			};
			name = Release;
		};
		C01FCF4F08A954540054247B /* Debug */ = {
			isa = XCBuildConfiguration;
			buildSettings = {
				ARCHS = "$(ARCHS_STANDARD_32_BIT)";
				"CODE_SIGN_IDENTITY[sdk=iphoneos*]" = "iPhone Developer";
				GCC_C_LANGUAGE_STANDARD = c99;
				GCC_WARN_ABOUT_RETURN_TYPE = YES;
				GCC_WARN_UNUSED_VARIABLE = YES;
				PREBINDING = NO;
				SDKROOT = iphoneos3.1.3;
			};
			name = Debug;
		};
		C01FCF5008A954540054247B /* Release */ = {
			isa = XCBuildConfiguration;
			buildSettings = {
				ARCHS = "$(ARCHS_STANDARD_32_BIT)";
				"CODE_SIGN_IDENTITY[sdk=iphoneos*]" = "iPhone Developer";
				GCC_C_LANGUAGE_STANDARD = c99;
				GCC_WARN_ABOUT_RETURN_TYPE = YES;
				GCC_WARN_UNUSED_VARIABLE = YES;
				PREBINDING = NO;
				SDKROOT = iphoneos3.1.3;
			};
			name = Release;
		};
/* End XCBuildConfiguration section */

/* Begin XCConfigurationList section */
		1D6058960D05DD3E006BFB54 /* Build configuration list for PBXNativeTarget "MathCraft_Login" */ = {
			isa = XCConfigurationList;
			buildConfigurations = (
				1D6058940D05DD3E006BFB54 /* Debug */,
				1D6058950D05DD3E006BFB54 /* Release */,
			);
			defaultConfigurationIsVisible = 0;
			defaultConfigurationName = Release;
		};
		AF3973CF11613DF600360690 /* Build configuration list for PBXNativeTarget "Unit Testing" */ = {
			isa = XCConfigurationList;
			buildConfigurations = (
				AF3973CD11613DF600360690 /* Debug */,
				AF3973CE11613DF600360690 /* Release */,
			);
			defaultConfigurationIsVisible = 0;
			defaultConfigurationName = Release;
		};
		C01FCF4E08A954540054247B /* Build configuration list for PBXProject "MathCraft_Login" */ = {
			isa = XCConfigurationList;
			buildConfigurations = (
				C01FCF4F08A954540054247B /* Debug */,
				C01FCF5008A954540054247B /* Release */,
			);
			defaultConfigurationIsVisible = 0;
			defaultConfigurationName = Release;
		};
/* End XCConfigurationList section */
	};
	rootObject = 29B97313FDCFA39411CA2CEA /* Project object */;
}
